// !$*UTF8*$!
{
	archiveVersion = 1;
	classes = {
	};
	objectVersion = 50;
	objects = {

/* Begin PBXBuildFile section */
		209FDDB925E623B300D098FD /* AstronautView.swift in Sources */ = {isa = PBXBuildFile; fileRef = 209FDDB825E623B300D098FD /* AstronautView.swift */; };
		20CBF5D725E5D1AD00B247F8 /* MoonshotApp.swift in Sources */ = {isa = PBXBuildFile; fileRef = 20CBF5D625E5D1AD00B247F8 /* MoonshotApp.swift */; };
		20CBF5D925E5D1AD00B247F8 /* ContentView.swift in Sources */ = {isa = PBXBuildFile; fileRef = 20CBF5D825E5D1AD00B247F8 /* ContentView.swift */; };
		20CBF5DB25E5D1B100B247F8 /* Assets.xcassets in Resources */ = {isa = PBXBuildFile; fileRef = 20CBF5DA25E5D1B100B247F8 /* Assets.xcassets */; };
		20CBF5DE25E5D1B100B247F8 /* Preview Assets.xcassets in Resources */ = {isa = PBXBuildFile; fileRef = 20CBF5DD25E5D1B100B247F8 /* Preview Assets.xcassets */; };
		20CBF5EC25E5E19200B247F8 /* missions.json in Resources */ = {isa = PBXBuildFile; fileRef = 20CBF5EA25E5E19200B247F8 /* missions.json */; };
		20CBF5ED25E5E19200B247F8 /* astronauts.json in Resources */ = {isa = PBXBuildFile; fileRef = 20CBF5EB25E5E19200B247F8 /* astronauts.json */; };
		20CBF5F025E5E29000B247F8 /* Bundle-Decodable.swift in Sources */ = {isa = PBXBuildFile; fileRef = 20CBF5EF25E5E29000B247F8 /* Bundle-Decodable.swift */; };
		20CBF5F325E5E55700B247F8 /* Mission.swift in Sources */ = {isa = PBXBuildFile; fileRef = 20CBF5F225E5E55700B247F8 /* Mission.swift */; };
		20CBF5F625E5F51300B247F8 /* MissionView.swift in Sources */ = {isa = PBXBuildFile; fileRef = 20CBF5F525E5F51300B247F8 /* MissionView.swift */; };
/* End PBXBuildFile section */

/* Begin PBXFileReference section */
		209FDDB825E623B300D098FD /* AstronautView.swift */ = {isa = PBXFileReference; lastKnownFileType = sourcecode.swift; path = AstronautView.swift; sourceTree = "<group>"; };
		20CBF5D325E5D1AD00B247F8 /* Moonshot.app */ = {isa = PBXFileReference; explicitFileType = wrapper.application; includeInIndex = 0; path = Moonshot.app; sourceTree = BUILT_PRODUCTS_DIR; };
		20CBF5D625E5D1AD00B247F8 /* MoonshotApp.swift */ = {isa = PBXFileReference; lastKnownFileType = sourcecode.swift; path = MoonshotApp.swift; sourceTree = "<group>"; };
		20CBF5D825E5D1AD00B247F8 /* ContentView.swift */ = {isa = PBXFileReference; lastKnownFileType = sourcecode.swift; path = ContentView.swift; sourceTree = "<group>"; };
		20CBF5DA25E5D1B100B247F8 /* Assets.xcassets */ = {isa = PBXFileReference; lastKnownFileType = folder.assetcatalog; path = Assets.xcassets; sourceTree = "<group>"; };
		20CBF5DD25E5D1B100B247F8 /* Preview Assets.xcassets */ = {isa = PBXFileReference; lastKnownFileType = folder.assetcatalog; path = "Preview Assets.xcassets"; sourceTree = "<group>"; };
		20CBF5DF25E5D1B100B247F8 /* Info.plist */ = {isa = PBXFileReference; lastKnownFileType = text.plist.xml; path = Info.plist; sourceTree = "<group>"; };
		20CBF5EA25E5E19200B247F8 /* missions.json */ = {isa = PBXFileReference; fileEncoding = 4; lastKnownFileType = text.json; path = missions.json; sourceTree = "<group>"; };
		20CBF5EB25E5E19200B247F8 /* astronauts.json */ = {isa = PBXFileReference; fileEncoding = 4; lastKnownFileType = text.json; path = astronauts.json; sourceTree = "<group>"; };
		20CBF5EF25E5E29000B247F8 /* Bundle-Decodable.swift */ = {isa = PBXFileReference; lastKnownFileType = sourcecode.swift; path = "Bundle-Decodable.swift"; sourceTree = "<group>"; };
		20CBF5F225E5E55700B247F8 /* Mission.swift */ = {isa = PBXFileReference; lastKnownFileType = sourcecode.swift; path = Mission.swift; sourceTree = "<group>"; };
		20CBF5F525E5F51300B247F8 /* MissionView.swift */ = {isa = PBXFileReference; lastKnownFileType = sourcecode.swift; path = MissionView.swift; sourceTree = "<group>"; };
/* End PBXFileReference section */

/* Begin PBXFrameworksBuildPhase section */
		20CBF5D025E5D1AD00B247F8 /* Frameworks */ = {
			isa = PBXFrameworksBuildPhase;
			buildActionMask = 2147483647;
			files = (
			);
			runOnlyForDeploymentPostprocessing = 0;
		};
/* End PBXFrameworksBuildPhase section */

/* Begin PBXGroup section */
		20CBF5CA25E5D1AD00B247F8 = {
			isa = PBXGroup;
			children = (
				20CBF5D525E5D1AD00B247F8 /* Moonshot */,
				20CBF5D425E5D1AD00B247F8 /* Products */,
			);
			sourceTree = "<group>";
		};
		20CBF5D425E5D1AD00B247F8 /* Products */ = {
			isa = PBXGroup;
			children = (
				20CBF5D325E5D1AD00B247F8 /* Moonshot.app */,
			);
			name = Products;
			sourceTree = "<group>";
		};
		20CBF5D525E5D1AD00B247F8 /* Moonshot */ = {
			isa = PBXGroup;
			children = (
				20CBF5EB25E5E19200B247F8 /* astronauts.json */,
				20CBF5EA25E5E19200B247F8 /* missions.json */,
				20CBF5D625E5D1AD00B247F8 /* MoonshotApp.swift */,
				20CBF5D825E5D1AD00B247F8 /* ContentView.swift */,
				20CBF5DA25E5D1B100B247F8 /* Assets.xcassets */,
				20CBF5DF25E5D1B100B247F8 /* Info.plist */,
				20CBF5DC25E5D1B100B247F8 /* Preview Content */,
				20CBF5EF25E5E29000B247F8 /* Bundle-Decodable.swift */,
				20CBF5F225E5E55700B247F8 /* Mission.swift */,
				20CBF5F525E5F51300B247F8 /* MissionView.swift */,
				209FDDB825E623B300D098FD /* AstronautView.swift */,
			);
			path = Moonshot;
			sourceTree = "<group>";
		};
		20CBF5DC25E5D1B100B247F8 /* Preview Content */ = {
			isa = PBXGroup;
			children = (
				20CBF5DD25E5D1B100B247F8 /* Preview Assets.xcassets */,
			);
			path = "Preview Content";
			sourceTree = "<group>";
		};
/* End PBXGroup section */

/* Begin PBXNativeTarget section */
		20CBF5D225E5D1AD00B247F8 /* Moonshot */ = {
			isa = PBXNativeTarget;
			buildConfigurationList = 20CBF5E225E5D1B100B247F8 /* Build configuration list for PBXNativeTarget "Moonshot" */;
			buildPhases = (
				20CBF5CF25E5D1AD00B247F8 /* Sources */,
				20CBF5D025E5D1AD00B247F8 /* Frameworks */,
				20CBF5D125E5D1AD00B247F8 /* Resources */,
			);
			buildRules = (
			);
			dependencies = (
			);
			name = Moonshot;
			productName = Moonshot;
			productReference = 20CBF5D325E5D1AD00B247F8 /* Moonshot.app */;
			productType = "com.apple.product-type.application";
		};
/* End PBXNativeTarget section */

/* Begin PBXProject section */
		20CBF5CB25E5D1AD00B247F8 /* Project object */ = {
			isa = PBXProject;
			attributes = {
				LastSwiftUpdateCheck = 1220;
				LastUpgradeCheck = 1220;
				TargetAttributes = {
					20CBF5D225E5D1AD00B247F8 = {
						CreatedOnToolsVersion = 12.2;
					};
				};
			};
			buildConfigurationList = 20CBF5CE25E5D1AD00B247F8 /* Build configuration list for PBXProject "Moonshot" */;
			compatibilityVersion = "Xcode 9.3";
			developmentRegion = en;
			hasScannedForEncodings = 0;
			knownRegions = (
				en,
				Base,
			);
			mainGroup = 20CBF5CA25E5D1AD00B247F8;
			productRefGroup = 20CBF5D425E5D1AD00B247F8 /* Products */;
			projectDirPath = "";
			projectRoot = "";
			targets = (
				20CBF5D225E5D1AD00B247F8 /* Moonshot */,
			);
		};
/* End PBXProject section */

/* Begin PBXResourcesBuildPhase section */
		20CBF5D125E5D1AD00B247F8 /* Resources */ = {
			isa = PBXResourcesBuildPhase;
			buildActionMask = 2147483647;
			files = (
				20CBF5DE25E5D1B100B247F8 /* Preview Assets.xcassets in Resources */,
				20CBF5EC25E5E19200B247F8 /* missions.json in Resources */,
				20CBF5DB25E5D1B100B247F8 /* Assets.xcassets in Resources */,
				20CBF5ED25E5E19200B247F8 /* astronauts.json in Resources */,
			);
			runOnlyForDeploymentPostprocessing = 0;
		};
/* End PBXResourcesBuildPhase section */

/* Begin PBXSourcesBuildPhase section */
		20CBF5CF25E5D1AD00B247F8 /* Sources */ = {
			isa = PBXSourcesBuildPhase;
			buildActionMask = 2147483647;
			files = (
				20CBF5D925E5D1AD00B247F8 /* ContentView.swift in Sources */,
				20CBF5D725E5D1AD00B247F8 /* MoonshotApp.swift in Sources */,
				20CBF5F325E5E55700B247F8 /* Mission.swift in Sources */,
				20CBF5F025E5E29000B247F8 /* Bundle-Decodable.swift in Sources */,
				209FDDB925E623B300D098FD /* AstronautView.swift in Sources */,
				20CBF5F625E5F51300B247F8 /* MissionView.swift in Sources */,
			);
			runOnlyForDeploymentPostprocessing = 0;
		};
/* End PBXSourcesBuildPhase section */

/* Begin XCBuildConfiguration section */
		20CBF5E025E5D1B100B247F8 /* Debug */ = {
			isa = XCBuildConfiguration;
			buildSettings = {
				ALWAYS_SEARCH_USER_PATHS = NO;
				CLANG_ANALYZER_NONNULL = YES;
				CLANG_ANALYZER_NUMBER_OBJECT_CONVERSION = YES_AGGRESSIVE;
				CLANG_CXX_LANGUAGE_STANDARD = "gnu++14";
				CLANG_CXX_LIBRARY = "libc++";
				CLANG_ENABLE_MODULES = YES;
				CLANG_ENABLE_OBJC_ARC = YES;
				CLANG_ENABLE_OBJC_WEAK = YES;
				CLANG_WARN_BLOCK_CAPTURE_AUTORELEASING = YES;
				CLANG_WARN_BOOL_CONVERSION = YES;
				CLANG_WARN_COMMA = YES;
				CLANG_WARN_CONSTANT_CONVERSION = YES;
				CLANG_WARN_DEPRECATED_OBJC_IMPLEMENTATIONS = YES;
				CLANG_WARN_DIRECT_OBJC_ISA_USAGE = YES_ERROR;
				CLANG_WARN_DOCUMENTATION_COMMENTS = YES;
				CLANG_WARN_EMPTY_BODY = YES;
				CLANG_WARN_ENUM_CONVERSION = YES;
				CLANG_WARN_INFINITE_RECURSION = YES;
				CLANG_WARN_INT_CONVERSION = YES;
				CLANG_WARN_NON_LITERAL_NULL_CONVERSION = YES;
				CLANG_WARN_OBJC_IMPLICIT_RETAIN_SELF = YES;
				CLANG_WARN_OBJC_LITERAL_CONVERSION = YES;
				CLANG_WARN_OBJC_ROOT_CLASS = YES_ERROR;
				CLANG_WARN_QUOTED_INCLUDE_IN_FRAMEWORK_HEADER = YES;
				CLANG_WARN_RANGE_LOOP_ANALYSIS = YES;
				CLANG_WARN_STRICT_PROTOTYPES = YES;
				CLANG_WARN_SUSPICIOUS_MOVE = YES;
				CLANG_WARN_UNGUARDED_AVAILABILITY = YES_AGGRESSIVE;
				CLANG_WARN_UNREACHABLE_CODE = YES;
				CLANG_WARN__DUPLICATE_METHOD_MATCH = YES;
				COPY_PHASE_STRIP = NO;
				DEBUG_INFORMATION_FORMAT = dwarf;
				ENABLE_STRICT_OBJC_MSGSEND = YES;
				ENABLE_TESTABILITY = YES;
				GCC_C_LANGUAGE_STANDARD = gnu11;
				GCC_DYNAMIC_NO_PIC = NO;
				GCC_NO_COMMON_BLOCKS = YES;
				GCC_OPTIMIZATION_LEVEL = 0;
				GCC_PREPROCESSOR_DEFINITIONS = (
					"DEBUG=1",
					"$(inherited)",
				);
				GCC_WARN_64_TO_32_BIT_CONVERSION = YES;
				GCC_WARN_ABOUT_RETURN_TYPE = YES_ERROR;
				GCC_WARN_UNDECLARED_SELECTOR = YES;
				GCC_WARN_UNINITIALIZED_AUTOS = YES_AGGRESSIVE;
				GCC_WARN_UNUSED_FUNCTION = YES;
				GCC_WARN_UNUSED_VARIABLE = YES;
				IPHONEOS_DEPLOYMENT_TARGET = 14.2;
				MTL_ENABLE_DEBUG_INFO = INCLUDE_SOURCE;
				MTL_FAST_MATH = YES;
				ONLY_ACTIVE_ARCH = YES;
				SDKROOT = iphoneos;
				SWIFT_ACTIVE_COMPILATION_CONDITIONS = DEBUG;
				SWIFT_OPTIMIZATION_LEVEL = "-Onone";
			};
			name = Debug;
		};
		20CBF5E125E5D1B100B247F8 /* Release */ = {
			isa = XCBuildConfiguration;
			buildSettings = {
				ALWAYS_SEARCH_USER_PATHS = NO;
				CLANG_ANALYZER_NONNULL = YES;
				CLANG_ANALYZER_NUMBER_OBJECT_CONVERSION = YES_AGGRESSIVE;
				CLANG_CXX_LANGUAGE_STANDARD = "gnu++14";
				CLANG_CXX_LIBRARY = "libc++";
				CLANG_ENABLE_MODULES = YES;
				CLANG_ENABLE_OBJC_ARC = YES;
				CLANG_ENABLE_OBJC_WEAK = YES;
				CLANG_WARN_BLOCK_CAPTURE_AUTORELEASING = YES;
				CLANG_WARN_BOOL_CONVERSION = YES;
				CLANG_WARN_COMMA = YES;
				CLANG_WARN_CONSTANT_CONVERSION = YES;
				CLANG_WARN_DEPRECATED_OBJC_IMPLEMENTATIONS = YES;
				CLANG_WARN_DIRECT_OBJC_ISA_USAGE = YES_ERROR;
				CLANG_WARN_DOCUMENTATION_COMMENTS = YES;
				CLANG_WARN_EMPTY_BODY = YES;
				CLANG_WARN_ENUM_CONVERSION = YES;
				CLANG_WARN_INFINITE_RECURSION = YES;
				CLANG_WARN_INT_CONVERSION = YES;
				CLANG_WARN_NON_LITERAL_NULL_CONVERSION = YES;
				CLANG_WARN_OBJC_IMPLICIT_RETAIN_SELF = YES;
				CLANG_WARN_OBJC_LITERAL_CONVERSION = YES;
				CLANG_WARN_OBJC_ROOT_CLASS = YES_ERROR;
				CLANG_WARN_QUOTED_INCLUDE_IN_FRAMEWORK_HEADER = YES;
				CLANG_WARN_RANGE_LOOP_ANALYSIS = YES;
				CLANG_WARN_STRICT_PROTOTYPES = YES;
				CLANG_WARN_SUSPICIOUS_MOVE = YES;
				CLANG_WARN_UNGUARDED_AVAILABILITY = YES_AGGRESSIVE;
				CLANG_WARN_UNREACHABLE_CODE = YES;
				CLANG_WARN__DUPLICATE_METHOD_MATCH = YES;
				COPY_PHASE_STRIP = NO;
				DEBUG_INFORMATION_FORMAT = "dwarf-with-dsym";
				ENABLE_NS_ASSERTIONS = NO;
				ENABLE_STRICT_OBJC_MSGSEND = YES;
				GCC_C_LANGUAGE_STANDARD = gnu11;
				GCC_NO_COMMON_BLOCKS = YES;
				GCC_WARN_64_TO_32_BIT_CONVERSION = YES;
				GCC_WARN_ABOUT_RETURN_TYPE = YES_ERROR;
				GCC_WARN_UNDECLARED_SELECTOR = YES;
				GCC_WARN_UNINITIALIZED_AUTOS = YES_AGGRESSIVE;
				GCC_WARN_UNUSED_FUNCTION = YES;
				GCC_WARN_UNUSED_VARIABLE = YES;
				IPHONEOS_DEPLOYMENT_TARGET = 14.2;
				MTL_ENABLE_DEBUG_INFO = NO;
				MTL_FAST_MATH = YES;
				SDKROOT = iphoneos;
				SWIFT_COMPILATION_MODE = wholemodule;
				SWIFT_OPTIMIZATION_LEVEL = "-O";
				VALIDATE_PRODUCT = YES;
			};
			name = Release;
		};
		20CBF5E325E5D1B100B247F8 /* Debug */ = {
			isa = XCBuildConfiguration;
			buildSettings = {
				ASSETCATALOG_COMPILER_APPICON_NAME = AppIcon;
				ASSETCATALOG_COMPILER_GLOBAL_ACCENT_COLOR_NAME = AccentColor;
				CODE_SIGN_STYLE = Automatic;
				DEVELOPMENT_ASSET_PATHS = "\"Moonshot/Preview Content\"";
				ENABLE_PREVIEWS = YES;
				INFOPLIST_FILE = Moonshot/Info.plist;
				IPHONEOS_DEPLOYMENT_TARGET = 14.0;
				LD_RUNPATH_SEARCH_PATHS = (
					"$(inherited)",
					"@executable_path/Frameworks",
				);
				PRODUCT_BUNDLE_IDENTIFIER = me.liang.yong.Moonshot;
				PRODUCT_NAME = "$(TARGET_NAME)";
				SWIFT_VERSION = 5.0;
				TARGETED_DEVICE_FAMILY = "1,2";
			};
			name = Debug;
		};
		20CBF5E425E5D1B100B247F8 /* Release */ = {
			isa = XCBuildConfiguration;
			buildSettings = {
				ASSETCATALOG_COMPILER_APPICON_NAME = AppIcon;
				ASSETCATALOG_COMPILER_GLOBAL_ACCENT_COLOR_NAME = AccentColor;
				CODE_SIGN_STYLE = Automatic;
				DEVELOPMENT_ASSET_PATHS = "\"Moonshot/Preview Content\"";
				ENABLE_PREVIEWS = YES;
				INFOPLIST_FILE = Moonshot/Info.plist;
				IPHONEOS_DEPLOYMENT_TARGET = 14.0;
				LD_RUNPATH_SEARCH_PATHS = (
					"$(inherited)",
					"@executable_path/Frameworks",
				);
				PRODUCT_BUNDLE_IDENTIFIER = me.liang.yong.Moonshot;
				PRODUCT_NAME = "$(TARGET_NAME)";
				SWIFT_VERSION = 5.0;
				TARGETED_DEVICE_FAMILY = "1,2";
			};
			name = Release;
		};
/* End XCBuildConfiguration section */

/* Begin XCConfigurationList section */
		20CBF5CE25E5D1AD00B247F8 /* Build configuration list for PBXProject "Moonshot" */ = {
			isa = XCConfigurationList;
			buildConfigurations = (
				20CBF5E025E5D1B100B247F8 /* Debug */,
				20CBF5E125E5D1B100B247F8 /* Release */,
			);
			defaultConfigurationIsVisible = 0;
			defaultConfigurationName = Release;
		};
		20CBF5E225E5D1B100B247F8 /* Build configuration list for PBXNativeTarget "Moonshot" */ = {
			isa = XCConfigurationList;
			buildConfigurations = (
				20CBF5E325E5D1B100B247F8 /* Debug */,
				20CBF5E425E5D1B100B247F8 /* Release */,
			);
			defaultConfigurationIsVisible = 0;
			defaultConfigurationName = Release;
		};
/* End XCConfigurationList section */
	};
	rootObject = 20CBF5CB25E5D1AD00B247F8 /* Project object */;
}
